// !$*UTF8*$!
{
	archiveVersion = 1;
	classes = {
	};
	objectVersion = 46;
	objects = {

/* Begin PBXBuildFile section */
		0A646B1E1E257BCA00BDC513 /* RepsTableViewController.swift in Sources */ = {isa = PBXBuildFile; fileRef = 0A646B1D1E257BCA00BDC513 /* RepsTableViewController.swift */; };
		0A646B201E25844400BDC513 /* RepsTableViewCell.swift in Sources */ = {isa = PBXBuildFile; fileRef = 0A646B1F1E25844400BDC513 /* RepsTableViewCell.swift */; };
		0A646B241E258FC800BDC513 /* default_rep_image.png in Resources */ = {isa = PBXBuildFile; fileRef = 0A646B231E258FC800BDC513 /* default_rep_image.png */; };
		0ACBB3321E24C3F900877B04 /* AddressViewController.swift in Sources */ = {isa = PBXBuildFile; fileRef = 0ACBB3311E24C3F900877B04 /* AddressViewController.swift */; };
		0AEDF5E91E2335110027ADF3 /* AppDelegate.swift in Sources */ = {isa = PBXBuildFile; fileRef = 0AEDF5E81E2335110027ADF3 /* AppDelegate.swift */; };
		0AEDF5EE1E2335110027ADF3 /* Main.storyboard in Resources */ = {isa = PBXBuildFile; fileRef = 0AEDF5EC1E2335110027ADF3 /* Main.storyboard */; };
		0AEDF5F01E2335110027ADF3 /* Assets.xcassets in Resources */ = {isa = PBXBuildFile; fileRef = 0AEDF5EF1E2335110027ADF3 /* Assets.xcassets */; };
		0AEDF5F31E2335110027ADF3 /* LaunchScreen.storyboard in Resources */ = {isa = PBXBuildFile; fileRef = 0AEDF5F11E2335110027ADF3 /* LaunchScreen.storyboard */; };
/* End PBXBuildFile section */

/* Begin PBXFileReference section */
		0A646B1D1E257BCA00BDC513 /* RepsTableViewController.swift */ = {isa = PBXFileReference; fileEncoding = 4; lastKnownFileType = sourcecode.swift; path = RepsTableViewController.swift; sourceTree = "<group>"; };
		0A646B1F1E25844400BDC513 /* RepsTableViewCell.swift */ = {isa = PBXFileReference; fileEncoding = 4; lastKnownFileType = sourcecode.swift; path = RepsTableViewCell.swift; sourceTree = "<group>"; };
		0A646B231E258FC800BDC513 /* default_rep_image.png */ = {isa = PBXFileReference; lastKnownFileType = image.png; path = default_rep_image.png; sourceTree = "<group>"; };
		0ACBB3311E24C3F900877B04 /* AddressViewController.swift */ = {isa = PBXFileReference; fileEncoding = 4; lastKnownFileType = sourcecode.swift; path = AddressViewController.swift; sourceTree = "<group>"; };
		0AEDF5E51E2335110027ADF3 /* Reps.app */ = {isa = PBXFileReference; explicitFileType = wrapper.application; includeInIndex = 0; path = Reps.app; sourceTree = BUILT_PRODUCTS_DIR; };
		0AEDF5E81E2335110027ADF3 /* AppDelegate.swift */ = {isa = PBXFileReference; lastKnownFileType = sourcecode.swift; path = AppDelegate.swift; sourceTree = "<group>"; };
		0AEDF5ED1E2335110027ADF3 /* Base */ = {isa = PBXFileReference; lastKnownFileType = file.storyboard; name = Base; path = Base.lproj/Main.storyboard; sourceTree = "<group>"; };
		0AEDF5EF1E2335110027ADF3 /* Assets.xcassets */ = {isa = PBXFileReference; lastKnownFileType = folder.assetcatalog; path = Assets.xcassets; sourceTree = "<group>"; };
		0AEDF5F21E2335110027ADF3 /* Base */ = {isa = PBXFileReference; lastKnownFileType = file.storyboard; name = Base; path = Base.lproj/LaunchScreen.storyboard; sourceTree = "<group>"; };
		0AEDF5F41E2335110027ADF3 /* Info.plist */ = {isa = PBXFileReference; lastKnownFileType = text.plist.xml; path = Info.plist; sourceTree = "<group>"; };
/* End PBXFileReference section */

/* Begin PBXFrameworksBuildPhase section */
		0AEDF5E21E2335100027ADF3 /* Frameworks */ = {
			isa = PBXFrameworksBuildPhase;
			buildActionMask = 2147483647;
			files = (
			);
			runOnlyForDeploymentPostprocessing = 0;
		};
/* End PBXFrameworksBuildPhase section */

/* Begin PBXGroup section */
		0A646B211E258FA500BDC513 /* Resources */ = {
			isa = PBXGroup;
			children = (
				0A646B221E258FAC00BDC513 /* Images */,
			);
			name = Resources;
			sourceTree = "<group>";
		};
		0A646B221E258FAC00BDC513 /* Images */ = {
			isa = PBXGroup;
			children = (
				0A646B231E258FC800BDC513 /* default_rep_image.png */,
			);
			name = Images;
			sourceTree = "<group>";
		};
		0AEDF5DC1E2335100027ADF3 = {
			isa = PBXGroup;
			children = (
				0AEDF5E71E2335110027ADF3 /* Reps */,
				0AEDF5E61E2335110027ADF3 /* Products */,
			);
			sourceTree = "<group>";
		};
		0AEDF5E61E2335110027ADF3 /* Products */ = {
			isa = PBXGroup;
			children = (
				0AEDF5E51E2335110027ADF3 /* Reps.app */,
			);
			name = Products;
			sourceTree = "<group>";
		};
		0AEDF5E71E2335110027ADF3 /* Reps */ = {
			isa = PBXGroup;
			children = (
				0AEDF5E81E2335110027ADF3 /* AppDelegate.swift */,
				0ACBB3311E24C3F900877B04 /* AddressViewController.swift */,
				0A646B1D1E257BCA00BDC513 /* RepsTableViewController.swift */,
				0A646B1F1E25844400BDC513 /* RepsTableViewCell.swift */,
				0AEDF5EC1E2335110027ADF3 /* Main.storyboard */,
				0AEDF5EF1E2335110027ADF3 /* Assets.xcassets */,
				0A646B211E258FA500BDC513 /* Resources */,
				0AEDF5F11E2335110027ADF3 /* LaunchScreen.storyboard */,
				0AEDF5F41E2335110027ADF3 /* Info.plist */,
			);
			path = Reps;
			sourceTree = "<group>";
		};
/* End PBXGroup section */

/* Begin PBXNativeTarget section */
		0AEDF5E41E2335100027ADF3 /* Reps */ = {
			isa = PBXNativeTarget;
			buildConfigurationList = 0AEDF5F71E2335110027ADF3 /* Build configuration list for PBXNativeTarget "Reps" */;
			buildPhases = (
				0AEDF5E11E2335100027ADF3 /* Sources */,
				0AEDF5E21E2335100027ADF3 /* Frameworks */,
				0AEDF5E31E2335100027ADF3 /* Resources */,
			);
			buildRules = (
			);
			dependencies = (
			);
			name = Reps;
			productName = Reps;
			productReference = 0AEDF5E51E2335110027ADF3 /* Reps.app */;
			productType = "com.apple.product-type.application";
		};
/* End PBXNativeTarget section */

/* Begin PBXProject section */
		0AEDF5DD1E2335100027ADF3 /* Project object */ = {
			isa = PBXProject;
			attributes = {
				LastSwiftUpdateCheck = 0820;
				LastUpgradeCheck = 0820;
				ORGANIZATIONNAME = "Kevin Novak";
				TargetAttributes = {
					0AEDF5E41E2335100027ADF3 = {
						CreatedOnToolsVersion = 8.2.1;
						DevelopmentTeam = KPG9C4QNJZ;
						ProvisioningStyle = Automatic;
					};
				};
			};
			buildConfigurationList = 0AEDF5E01E2335100027ADF3 /* Build configuration list for PBXProject "Reps" */;
			compatibilityVersion = "Xcode 3.2";
			developmentRegion = English;
			hasScannedForEncodings = 0;
			knownRegions = (
				en,
				Base,
			);
			mainGroup = 0AEDF5DC1E2335100027ADF3;
			productRefGroup = 0AEDF5E61E2335110027ADF3 /* Products */;
			projectDirPath = "";
			projectRoot = "";
			targets = (
				0AEDF5E41E2335100027ADF3 /* Reps */,
			);
		};
/* End PBXProject section */

/* Begin PBXResourcesBuildPhase section */
		0AEDF5E31E2335100027ADF3 /* Resources */ = {
			isa = PBXResourcesBuildPhase;
			buildActionMask = 2147483647;
			files = (
				0AEDF5F31E2335110027ADF3 /* LaunchScreen.storyboard in Resources */,
				0A646B241E258FC800BDC513 /* default_rep_image.png in Resources */,
				0AEDF5F01E2335110027ADF3 /* Assets.xcassets in Resources */,
				0AEDF5EE1E2335110027ADF3 /* Main.storyboard in Resources */,
			);
			runOnlyForDeploymentPostprocessing = 0;
		};
/* End PBXResourcesBuildPhase section */

/* Begin PBXSourcesBuildPhase section */
		0AEDF5E11E2335100027ADF3 /* Sources */ = {
			isa = PBXSourcesBuildPhase;
			buildActionMask = 2147483647;
			files = (
				0ACBB3321E24C3F900877B04 /* AddressViewController.swift in Sources */,
				0A646B1E1E257BCA00BDC513 /* RepsTableViewController.swift in Sources */,
				0AEDF5E91E2335110027ADF3 /* AppDelegate.swift in Sources */,
				0A646B201E25844400BDC513 /* RepsTableViewCell.swift in Sources */,
			);
			runOnlyForDeploymentPostprocessing = 0;
		};
/* End PBXSourcesBuildPhase section */

/* Begin PBXVariantGroup section */
		0AEDF5EC1E2335110027ADF3 /* Main.storyboard */ = {
			isa = PBXVariantGroup;
			children = (
				0AEDF5ED1E2335110027ADF3 /* Base */,
			);
			name = Main.storyboard;
			sourceTree = "<group>";
		};
		0AEDF5F11E2335110027ADF3 /* LaunchScreen.storyboard */ = {
			isa = PBXVariantGroup;
			children = (
				0AEDF5F21E2335110027ADF3 /* Base */,
			);
			name = LaunchScreen.storyboard;
			sourceTree = "<group>";
		};
/* End PBXVariantGroup section */

/* Begin XCBuildConfiguration section */
		0AEDF5F51E2335110027ADF3 /* Debug */ = {
			isa = XCBuildConfiguration;
			buildSettings = {
				ALWAYS_SEARCH_USER_PATHS = NO;
				CLANG_ANALYZER_NONNULL = YES;
				CLANG_CXX_LANGUAGE_STANDARD = "gnu++0x";
				CLANG_CXX_LIBRARY = "libc++";
				CLANG_ENABLE_MODULES = YES;
				CLANG_ENABLE_OBJC_ARC = YES;
				CLANG_WARN_BOOL_CONVERSION = YES;
				CLANG_WARN_CONSTANT_CONVERSION = YES;
				CLANG_WARN_DIRECT_OBJC_ISA_USAGE = YES_ERROR;
				CLANG_WARN_DOCUMENTATION_COMMENTS = YES;
				CLANG_WARN_EMPTY_BODY = YES;
				CLANG_WARN_ENUM_CONVERSION = YES;
				CLANG_WARN_INFINITE_RECURSION = YES;
				CLANG_WARN_INT_CONVERSION = YES;
				CLANG_WARN_OBJC_ROOT_CLASS = YES_ERROR;
				CLANG_WARN_SUSPICIOUS_MOVE = YES;
				CLANG_WARN_UNREACHABLE_CODE = YES;
				CLANG_WARN__DUPLICATE_METHOD_MATCH = YES;
				"CODE_SIGN_IDENTITY[sdk=iphoneos*]" = "iPhone Developer";
				COPY_PHASE_STRIP = NO;
				DEBUG_INFORMATION_FORMAT = dwarf;
				ENABLE_STRICT_OBJC_MSGSEND = YES;
				ENABLE_TESTABILITY = YES;
				GCC_C_LANGUAGE_STANDARD = gnu99;
				GCC_DYNAMIC_NO_PIC = NO;
				GCC_NO_COMMON_BLOCKS = YES;
				GCC_OPTIMIZATION_LEVEL = 0;
				GCC_PREPROCESSOR_DEFINITIONS = (
					"DEBUG=1",
					"$(inherited)",
				);
				GCC_WARN_64_TO_32_BIT_CONVERSION = YES;
				GCC_WARN_ABOUT_RETURN_TYPE = YES_ERROR;
				GCC_WARN_UNDECLARED_SELECTOR = YES;
				GCC_WARN_UNINITIALIZED_AUTOS = YES_AGGRESSIVE;
				GCC_WARN_UNUSED_FUNCTION = YES;
				GCC_WARN_UNUSED_VARIABLE = YES;
				IPHONEOS_DEPLOYMENT_TARGET = 10.2;
				MTL_ENABLE_DEBUG_INFO = YES;
				ONLY_ACTIVE_ARCH = YES;
				SDKROOT = iphoneos;
				SWIFT_ACTIVE_COMPILATION_CONDITIONS = DEBUG;
				SWIFT_OPTIMIZATION_LEVEL = "-Onone";
			};
			name = Debug;
		};
		0AEDF5F61E2335110027ADF3 /* Release */ = {
			isa = XCBuildConfiguration;
			buildSettings = {
				ALWAYS_SEARCH_USER_PATHS = NO;
				CLANG_ANALYZER_NONNULL = YES;
				CLANG_CXX_LANGUAGE_STANDARD = "gnu++0x";
				CLANG_CXX_LIBRARY = "libc++";
				CLANG_ENABLE_MODULES = YES;
				CLANG_ENABLE_OBJC_ARC = YES;
				CLANG_WARN_BOOL_CONVERSION = YES;
				CLANG_WARN_CONSTANT_CONVERSION = YES;
				CLANG_WARN_DIRECT_OBJC_ISA_USAGE = YES_ERROR;
				CLANG_WARN_DOCUMENTATION_COMMENTS = YES;
				CLANG_WARN_EMPTY_BODY = YES;
				CLANG_WARN_ENUM_CONVERSION = YES;
				CLANG_WARN_INFINITE_RECURSION = YES;
				CLANG_WARN_INT_CONVERSION = YES;
				CLANG_WARN_OBJC_ROOT_CLASS = YES_ERROR;
				CLANG_WARN_SUSPICIOUS_MOVE = YES;
				CLANG_WARN_UNREACHABLE_CODE = YES;
				CLANG_WARN__DUPLICATE_METHOD_MATCH = YES;
				"CODE_SIGN_IDENTITY[sdk=iphoneos*]" = "iPhone Developer";
				COPY_PHASE_STRIP = NO;
				DEBUG_INFORMATION_FORMAT = "dwarf-with-dsym";
				ENABLE_NS_ASSERTIONS = NO;
				ENABLE_STRICT_OBJC_MSGSEND = YES;
				GCC_C_LANGUAGE_STANDARD = gnu99;
				GCC_NO_COMMON_BLOCKS = YES;
				GCC_WARN_64_TO_32_BIT_CONVERSION = YES;
				GCC_WARN_ABOUT_RETURN_TYPE = YES_ERROR;
				GCC_WARN_UNDECLARED_SELECTOR = YES;
				GCC_WARN_UNINITIALIZED_AUTOS = YES_AGGRESSIVE;
				GCC_WARN_UNUSED_FUNCTION = YES;
				GCC_WARN_UNUSED_VARIABLE = YES;
				IPHONEOS_DEPLOYMENT_TARGET = 10.2;
				MTL_ENABLE_DEBUG_INFO = NO;
				SDKROOT = iphoneos;
				SWIFT_OPTIMIZATION_LEVEL = "-Owholemodule";
				VALIDATE_PRODUCT = YES;
			};
			name = Release;
		};
		0AEDF5F81E2335110027ADF3 /* Debug */ = {
			isa = XCBuildConfiguration;
			buildSettings = {
				ASSETCATALOG_COMPILER_APPICON_NAME = AppIcon;
				DEVELOPMENT_TEAM = KPG9C4QNJZ;
				INFOPLIST_FILE = Reps/Info.plist;
				LD_RUNPATH_SEARCH_PATHS = "$(inherited) @executable_path/Frameworks";
				PRODUCT_BUNDLE_IDENTIFIER = me.kevinnovak.Reps;
				PRODUCT_NAME = "$(TARGET_NAME)";
				SWIFT_VERSION = 3.0;
			};
			name = Debug;
		};
		0AEDF5F91E2335110027ADF3 /* Release */ = {
			isa = XCBuildConfiguration;
			buildSettings = {
				ASSETCATALOG_COMPILER_APPICON_NAME = AppIcon;
				DEVELOPMENT_TEAM = KPG9C4QNJZ;
				INFOPLIST_FILE = Reps/Info.plist;
				LD_RUNPATH_SEARCH_PATHS = "$(inherited) @executable_path/Frameworks";
				PRODUCT_BUNDLE_IDENTIFIER = me.kevinnovak.Reps;
				PRODUCT_NAME = "$(TARGET_NAME)";
				SWIFT_VERSION = 3.0;
			};
			name = Release;
		};
/* End XCBuildConfiguration section */

/* Begin XCConfigurationList section */
		0AEDF5E01E2335100027ADF3 /* Build configuration list for PBXProject "Reps" */ = {
			isa = XCConfigurationList;
			buildConfigurations = (
				0AEDF5F51E2335110027ADF3 /* Debug */,
				0AEDF5F61E2335110027ADF3 /* Release */,
			);
			defaultConfigurationIsVisible = 0;
			defaultConfigurationName = Release;
		};
		0AEDF5F71E2335110027ADF3 /* Build configuration list for PBXNativeTarget "Reps" */ = {
			isa = XCConfigurationList;
			buildConfigurations = (
				0AEDF5F81E2335110027ADF3 /* Debug */,
				0AEDF5F91E2335110027ADF3 /* Release */,
			);
			defaultConfigurationIsVisible = 0;
			defaultConfigurationName = Release;
		};
/* End XCConfigurationList section */
	};
	rootObject = 0AEDF5DD1E2335100027ADF3 /* Project object */;
}
